
Microsoft Visual Studio Solution File, Format Version 12.00
# Visual Studio Version 16
VisualStudioVersion = 16.0.29411.108
MinimumVisualStudioVersion = 10.0.40219.1
Project("{9A19103F-16F7-4668-BE54-9A1E7A4F7556}") = "HDL", "HDL\HDL.csproj", "{1A1D5FDE-2D81-4CC9-AB05-8DA7BD77B0BA}"
EndProject
Project("{2150E333-8FDC-42A3-9474-1A3956D46DE8}") = "Solution Items", "Solution Items", "{9BB2CFD7-1AF8-4A06-9212-5342827C8FF2}"
	ProjectSection(SolutionItems) = preProject
		README.txt = README.txt
	EndProjectSection
EndProject
Global
	GlobalSection(SolutionConfigurationPlatforms) = preSolution
		Debug|Any CPU = Debug|Any CPU
		Release|Any CPU = Release|Any CPU
	EndGlobalSection
	GlobalSection(ProjectConfigurationPlatforms) = postSolution
		{1A1D5FDE-2D81-4CC9-AB05-8DA7BD77B0BA}.Debug|Any CPU.ActiveCfg = Debug|Any CPU
		{1A1D5FDE-2D81-4CC9-AB05-8DA7BD77B0BA}.Debug|Any CPU.Build.0 = Debug|Any CPU
		{1A1D5FDE-2D81-4CC9-AB05-8DA7BD77B0BA}.Release|Any CPU.ActiveCfg = Release|Any CPU
		{1A1D5FDE-2D81-4CC9-AB05-8DA7BD77B0BA}.Release|Any CPU.Build.0 = Release|Any CPU
	EndGlobalSection
	GlobalSection(SolutionProperties) = preSolution
		HideSolutionNode = FALSE
	EndGlobalSection
	GlobalSection(ExtensibilityGlobals) = postSolution
		SolutionGuid = {78DE3C90-014F-4E8F-9DCD-6340DF824979}
	EndGlobalSection
EndGlobal
